// !$*UTF8*$!
{
	archiveVersion = 1;
	classes = {
	};
	objectVersion = 46;
	objects = {

/* Begin PBXBuildFile section */
		404CA27C180D6B01001ADE13 /* Foundation.framework in Frameworks */ = {isa = PBXBuildFile; fileRef = 404CA27B180D6B01001ADE13 /* Foundation.framework */; };
		404CA27E180D6B01001ADE13 /* CoreGraphics.framework in Frameworks */ = {isa = PBXBuildFile; fileRef = 404CA27D180D6B01001ADE13 /* CoreGraphics.framework */; };
		404CA280180D6B01001ADE13 /* UIKit.framework in Frameworks */ = {isa = PBXBuildFile; fileRef = 404CA27F180D6B01001ADE13 /* UIKit.framework */; };
		404CA286180D6B01001ADE13 /* InfoPlist.strings in Resources */ = {isa = PBXBuildFile; fileRef = 404CA284180D6B01001ADE13 /* InfoPlist.strings */; };
		404CA288180D6B01001ADE13 /* main.m in Sources */ = {isa = PBXBuildFile; fileRef = 404CA287180D6B01001ADE13 /* main.m */; };
		404CA28C180D6B01001ADE13 /* IPPAppDelegate.m in Sources */ = {isa = PBXBuildFile; fileRef = 404CA28B180D6B01001ADE13 /* IPPAppDelegate.m */; };
		404CA28E180D6B02001ADE13 /* Images.xcassets in Resources */ = {isa = PBXBuildFile; fileRef = 404CA28D180D6B02001ADE13 /* Images.xcassets */; };
		404CA2AC180D6B3C001ADE13 /* IPPMainViewController.m in Sources */ = {isa = PBXBuildFile; fileRef = 404CA2AB180D6B3C001ADE13 /* IPPMainViewController.m */; };
		404CA2BE180D757F001ADE13 /* CoreData.framework in Frameworks */ = {isa = PBXBuildFile; fileRef = 404CA2BD180D757F001ADE13 /* CoreData.framework */; };
		404CA2C0180D7587001ADE13 /* AVFoundation.framework in Frameworks */ = {isa = PBXBuildFile; fileRef = 404CA2BF180D7587001ADE13 /* AVFoundation.framework */; };
		404CA2C2180D75A7001ADE13 /* CoreLocation.framework in Frameworks */ = {isa = PBXBuildFile; fileRef = 404CA2C1180D75A7001ADE13 /* CoreLocation.framework */; };
		404CA2C4180D75B1001ADE13 /* CoreText.framework in Frameworks */ = {isa = PBXBuildFile; fileRef = 404CA2C3180D75B1001ADE13 /* CoreText.framework */; };
		404CA2C6180D75B8001ADE13 /* GLKit.framework in Frameworks */ = {isa = PBXBuildFile; fileRef = 404CA2C5180D75B8001ADE13 /* GLKit.framework */; };
		404CA2C8180D75BD001ADE13 /* ImageIO.framework in Frameworks */ = {isa = PBXBuildFile; fileRef = 404CA2C7180D75BD001ADE13 /* ImageIO.framework */; };
		404CA2CA180D75CA001ADE13 /* libc++.dylib in Frameworks */ = {isa = PBXBuildFile; fileRef = 404CA2C9180D75CA001ADE13 /* libc++.dylib */; };
		404CA2CC180D75D3001ADE13 /* libicucore.dylib in Frameworks */ = {isa = PBXBuildFile; fileRef = 404CA2CB180D75D3001ADE13 /* libicucore.dylib */; };
		404CA2CE180D75D9001ADE13 /* libz.dylib in Frameworks */ = {isa = PBXBuildFile; fileRef = 404CA2CD180D75D9001ADE13 /* libz.dylib */; };
		404CA2D0180D75DE001ADE13 /* OpenGLES.framework in Frameworks */ = {isa = PBXBuildFile; fileRef = 404CA2CF180D75DE001ADE13 /* OpenGLES.framework */; };
		404CA2D2180D75E5001ADE13 /* QuartzCore.framework in Frameworks */ = {isa = PBXBuildFile; fileRef = 404CA2D1180D75E5001ADE13 /* QuartzCore.framework */; };
		404CA2D4180D760A001ADE13 /* SystemConfiguration.framework in Frameworks */ = {isa = PBXBuildFile; fileRef = 404CA2D3180D760A001ADE13 /* SystemConfiguration.framework */; };
		404CA2E5180D89F1001ADE13 /* libxml2.dylib in Frameworks */ = {isa = PBXBuildFile; fileRef = 404CA2E4180D89F1001ADE13 /* libxml2.dylib */; };
		404DA0901833542C00E96919 /* IPPMapKitAnnotation.h in Headers */ = {isa = PBXBuildFile; fileRef = 404DA0821833542C00E96919 /* IPPMapKitAnnotation.h */; };
		404DA0911833542C00E96919 /* IPPMapKitAnnotation.m in Sources */ = {isa = PBXBuildFile; fileRef = 404DA0831833542C00E96919 /* IPPMapKitAnnotation.m */; };
		404DA0921833542C00E96919 /* IPPMapKitCustomAnnotation.h in Headers */ = {isa = PBXBuildFile; fileRef = 404DA0841833542C00E96919 /* IPPMapKitCustomAnnotation.h */; };
		404DA0931833542C00E96919 /* IPPMapKitCustomAnnotation.m in Sources */ = {isa = PBXBuildFile; fileRef = 404DA0851833542C00E96919 /* IPPMapKitCustomAnnotation.m */; };
		404DA0941833542C00E96919 /* IPPMapKitViewController.h in Headers */ = {isa = PBXBuildFile; fileRef = 404DA0861833542C00E96919 /* IPPMapKitViewController.h */; };
		404DA0951833542C00E96919 /* IPPMapKitViewController.m in Sources */ = {isa = PBXBuildFile; fileRef = 404DA0871833542C00E96919 /* IPPMapKitViewController.m */; };
		404DA0961833542C00E96919 /* Campus.plist in Resources */ = {isa = PBXBuildFile; fileRef = 404DA0891833542C00E96919 /* Campus.plist */; };
		404DA0971833542C00E96919 /* IPPCampus.h in Headers */ = {isa = PBXBuildFile; fileRef = 404DA08A1833542C00E96919 /* IPPCampus.h */; };
		404DA0981833542C00E96919 /* IPPCampus.m in Sources */ = {isa = PBXBuildFile; fileRef = 404DA08B1833542C00E96919 /* IPPCampus.m */; };
		404DA0991833542C00E96919 /* IPPCampusOverlay.h in Headers */ = {isa = PBXBuildFile; fileRef = 404DA08C1833542C00E96919 /* IPPCampusOverlay.h */; };
		404DA09A1833542C00E96919 /* IPPCampusOverlay.m in Sources */ = {isa = PBXBuildFile; fileRef = 404DA08D1833542C00E96919 /* IPPCampusOverlay.m */; };
		404DA09B1833542C00E96919 /* IPPCampusOverlayView.h in Headers */ = {isa = PBXBuildFile; fileRef = 404DA08E1833542C00E96919 /* IPPCampusOverlayView.h */; };
		404DA09C1833542C00E96919 /* IPPCampusOverlayView.m in Sources */ = {isa = PBXBuildFile; fileRef = 404DA08F1833542C00E96919 /* IPPCampusOverlayView.m */; };
		40A4D3BB182B6AE500677996 /* IPPMapControlsViewController.m in Sources */ = {isa = PBXBuildFile; fileRef = 40A4D3BA182B6AE500677996 /* IPPMapControlsViewController.m */; };
/* End PBXBuildFile section */

/* Begin PBXFileReference section */
		404CA278180D6B01001ADE13 /* IPP Maps Demo.app */ = {isa = PBXFileReference; explicitFileType = wrapper.application; includeInIndex = 0; path = "IPP Maps Demo.app"; sourceTree = BUILT_PRODUCTS_DIR; };
		404CA27B180D6B01001ADE13 /* Foundation.framework */ = {isa = PBXFileReference; lastKnownFileType = wrapper.framework; name = Foundation.framework; path = System/Library/Frameworks/Foundation.framework; sourceTree = SDKROOT; };
		404CA27D180D6B01001ADE13 /* CoreGraphics.framework */ = {isa = PBXFileReference; lastKnownFileType = wrapper.framework; name = CoreGraphics.framework; path = System/Library/Frameworks/CoreGraphics.framework; sourceTree = SDKROOT; };
		404CA27F180D6B01001ADE13 /* UIKit.framework */ = {isa = PBXFileReference; lastKnownFileType = wrapper.framework; name = UIKit.framework; path = System/Library/Frameworks/UIKit.framework; sourceTree = SDKROOT; };
		404CA283180D6B01001ADE13 /* IPP Maps Demo-Info.plist */ = {isa = PBXFileReference; lastKnownFileType = text.plist.xml; path = "IPP Maps Demo-Info.plist"; sourceTree = "<group>"; };
		404CA285180D6B01001ADE13 /* en */ = {isa = PBXFileReference; lastKnownFileType = text.plist.strings; name = en; path = en.lproj/InfoPlist.strings; sourceTree = "<group>"; };
		404CA287180D6B01001ADE13 /* main.m */ = {isa = PBXFileReference; lastKnownFileType = sourcecode.c.objc; path = main.m; sourceTree = "<group>"; };
		404CA289180D6B01001ADE13 /* IPP Maps Demo-Prefix.pch */ = {isa = PBXFileReference; lastKnownFileType = sourcecode.c.h; path = "IPP Maps Demo-Prefix.pch"; sourceTree = "<group>"; };
		404CA28A180D6B01001ADE13 /* IPPAppDelegate.h */ = {isa = PBXFileReference; lastKnownFileType = sourcecode.c.h; path = IPPAppDelegate.h; sourceTree = "<group>"; };
		404CA28B180D6B01001ADE13 /* IPPAppDelegate.m */ = {isa = PBXFileReference; lastKnownFileType = sourcecode.c.objc; path = IPPAppDelegate.m; sourceTree = "<group>"; };
		404CA28D180D6B02001ADE13 /* Images.xcassets */ = {isa = PBXFileReference; lastKnownFileType = folder.assetcatalog; path = Images.xcassets; sourceTree = "<group>"; };
		404CA294180D6B02001ADE13 /* XCTest.framework */ = {isa = PBXFileReference; lastKnownFileType = wrapper.framework; name = XCTest.framework; path = Library/Frameworks/XCTest.framework; sourceTree = DEVELOPER_DIR; };
		404CA2AA180D6B3C001ADE13 /* IPPMainViewController.h */ = {isa = PBXFileReference; fileEncoding = 4; lastKnownFileType = sourcecode.c.h; path = IPPMainViewController.h; sourceTree = "<group>"; };
		404CA2AB180D6B3C001ADE13 /* IPPMainViewController.m */ = {isa = PBXFileReference; fileEncoding = 4; lastKnownFileType = sourcecode.c.objc; path = IPPMainViewController.m; sourceTree = "<group>"; };
		404CA2BD180D757F001ADE13 /* CoreData.framework */ = {isa = PBXFileReference; lastKnownFileType = wrapper.framework; name = CoreData.framework; path = System/Library/Frameworks/CoreData.framework; sourceTree = SDKROOT; };
		404CA2BF180D7587001ADE13 /* AVFoundation.framework */ = {isa = PBXFileReference; lastKnownFileType = wrapper.framework; name = AVFoundation.framework; path = System/Library/Frameworks/AVFoundation.framework; sourceTree = SDKROOT; };
		404CA2C1180D75A7001ADE13 /* CoreLocation.framework */ = {isa = PBXFileReference; lastKnownFileType = wrapper.framework; name = CoreLocation.framework; path = System/Library/Frameworks/CoreLocation.framework; sourceTree = SDKROOT; };
		404CA2C3180D75B1001ADE13 /* CoreText.framework */ = {isa = PBXFileReference; lastKnownFileType = wrapper.framework; name = CoreText.framework; path = System/Library/Frameworks/CoreText.framework; sourceTree = SDKROOT; };
		404CA2C5180D75B8001ADE13 /* GLKit.framework */ = {isa = PBXFileReference; lastKnownFileType = wrapper.framework; name = GLKit.framework; path = System/Library/Frameworks/GLKit.framework; sourceTree = SDKROOT; };
		404CA2C7180D75BD001ADE13 /* ImageIO.framework */ = {isa = PBXFileReference; lastKnownFileType = wrapper.framework; name = ImageIO.framework; path = System/Library/Frameworks/ImageIO.framework; sourceTree = SDKROOT; };
		404CA2C9180D75CA001ADE13 /* libc++.dylib */ = {isa = PBXFileReference; lastKnownFileType = "compiled.mach-o.dylib"; name = "libc++.dylib"; path = "usr/lib/libc++.dylib"; sourceTree = SDKROOT; };
		404CA2CB180D75D3001ADE13 /* libicucore.dylib */ = {isa = PBXFileReference; lastKnownFileType = "compiled.mach-o.dylib"; name = libicucore.dylib; path = usr/lib/libicucore.dylib; sourceTree = SDKROOT; };
		404CA2CD180D75D9001ADE13 /* libz.dylib */ = {isa = PBXFileReference; lastKnownFileType = "compiled.mach-o.dylib"; name = libz.dylib; path = usr/lib/libz.dylib; sourceTree = SDKROOT; };
		404CA2CF180D75DE001ADE13 /* OpenGLES.framework */ = {isa = PBXFileReference; lastKnownFileType = wrapper.framework; name = OpenGLES.framework; path = System/Library/Frameworks/OpenGLES.framework; sourceTree = SDKROOT; };
		404CA2D1180D75E5001ADE13 /* QuartzCore.framework */ = {isa = PBXFileReference; lastKnownFileType = wrapper.framework; name = QuartzCore.framework; path = System/Library/Frameworks/QuartzCore.framework; sourceTree = SDKROOT; };
		404CA2D3180D760A001ADE13 /* SystemConfiguration.framework */ = {isa = PBXFileReference; lastKnownFileType = wrapper.framework; name = SystemConfiguration.framework; path = System/Library/Frameworks/SystemConfiguration.framework; sourceTree = SDKROOT; };
		404CA2E4180D89F1001ADE13 /* libxml2.dylib */ = {isa = PBXFileReference; lastKnownFileType = "compiled.mach-o.dylib"; name = libxml2.dylib; path = usr/lib/libxml2.dylib; sourceTree = SDKROOT; };
		404DA0821833542C00E96919 /* IPPMapKitAnnotation.h */ = {isa = PBXFileReference; fileEncoding = 4; lastKnownFileType = sourcecode.c.h; path = IPPMapKitAnnotation.h; sourceTree = "<group>"; };
		404DA0831833542C00E96919 /* IPPMapKitAnnotation.m */ = {isa = PBXFileReference; fileEncoding = 4; lastKnownFileType = sourcecode.c.objc; path = IPPMapKitAnnotation.m; sourceTree = "<group>"; };
		404DA0841833542C00E96919 /* IPPMapKitCustomAnnotation.h */ = {isa = PBXFileReference; fileEncoding = 4; lastKnownFileType = sourcecode.c.h; path = IPPMapKitCustomAnnotation.h; sourceTree = "<group>"; };
		404DA0851833542C00E96919 /* IPPMapKitCustomAnnotation.m */ = {isa = PBXFileReference; fileEncoding = 4; lastKnownFileType = sourcecode.c.objc; path = IPPMapKitCustomAnnotation.m; sourceTree = "<group>"; };
		404DA0861833542C00E96919 /* IPPMapKitViewController.h */ = {isa = PBXFileReference; fileEncoding = 4; lastKnownFileType = sourcecode.c.h; path = IPPMapKitViewController.h; sourceTree = "<group>"; };
		404DA0871833542C00E96919 /* IPPMapKitViewController.m */ = {isa = PBXFileReference; fileEncoding = 4; lastKnownFileType = sourcecode.c.objc; path = IPPMapKitViewController.m; sourceTree = "<group>"; };
		404DA0891833542C00E96919 /* Campus.plist */ = {isa = PBXFileReference; fileEncoding = 4; lastKnownFileType = text.plist.xml; path = Campus.plist; sourceTree = "<group>"; };
		404DA08A1833542C00E96919 /* IPPCampus.h */ = {isa = PBXFileReference; fileEncoding = 4; lastKnownFileType = sourcecode.c.h; path = IPPCampus.h; sourceTree = "<group>"; };
		404DA08B1833542C00E96919 /* IPPCampus.m */ = {isa = PBXFileReference; fileEncoding = 4; lastKnownFileType = sourcecode.c.objc; path = IPPCampus.m; sourceTree = "<group>"; };
		404DA08C1833542C00E96919 /* IPPCampusOverlay.h */ = {isa = PBXFileReference; fileEncoding = 4; lastKnownFileType = sourcecode.c.h; path = IPPCampusOverlay.h; sourceTree = "<group>"; };
		404DA08D1833542C00E96919 /* IPPCampusOverlay.m */ = {isa = PBXFileReference; fileEncoding = 4; lastKnownFileType = sourcecode.c.objc; path = IPPCampusOverlay.m; sourceTree = "<group>"; };
		404DA08E1833542C00E96919 /* IPPCampusOverlayView.h */ = {isa = PBXFileReference; fileEncoding = 4; lastKnownFileType = sourcecode.c.h; path = IPPCampusOverlayView.h; sourceTree = "<group>"; };
		404DA08F1833542C00E96919 /* IPPCampusOverlayView.m */ = {isa = PBXFileReference; fileEncoding = 4; lastKnownFileType = sourcecode.c.objc; path = IPPCampusOverlayView.m; sourceTree = "<group>"; };
		40A4D3B9182B6AE500677996 /* IPPMapControlsViewController.h */ = {isa = PBXFileReference; fileEncoding = 4; lastKnownFileType = sourcecode.c.h; path = IPPMapControlsViewController.h; sourceTree = "<group>"; };
		40A4D3BA182B6AE500677996 /* IPPMapControlsViewController.m */ = {isa = PBXFileReference; fileEncoding = 4; lastKnownFileType = sourcecode.c.objc; path = IPPMapControlsViewController.m; sourceTree = "<group>"; };
/* End PBXFileReference section */

/* Begin PBXFrameworksBuildPhase section */
		404CA275180D6B01001ADE13 /* Frameworks */ = {
			isa = PBXFrameworksBuildPhase;
			buildActionMask = 2147483647;
			files = (
				404CA2CE180D75D9001ADE13 /* libz.dylib in Frameworks */,
				404CA2E5180D89F1001ADE13 /* libxml2.dylib in Frameworks */,
				404CA2C2180D75A7001ADE13 /* CoreLocation.framework in Frameworks */,
				404CA2BE180D757F001ADE13 /* CoreData.framework in Frameworks */,
				404CA2D4180D760A001ADE13 /* SystemConfiguration.framework in Frameworks */,
				404CA2D2180D75E5001ADE13 /* QuartzCore.framework in Frameworks */,
				404CA2D0180D75DE001ADE13 /* OpenGLES.framework in Frameworks */,
				404CA2CC180D75D3001ADE13 /* libicucore.dylib in Frameworks */,
				404CA2CA180D75CA001ADE13 /* libc++.dylib in Frameworks */,
				404CA2C8180D75BD001ADE13 /* ImageIO.framework in Frameworks */,
				404CA2C6180D75B8001ADE13 /* GLKit.framework in Frameworks */,
				404CA2C4180D75B1001ADE13 /* CoreText.framework in Frameworks */,
				404CA2C0180D7587001ADE13 /* AVFoundation.framework in Frameworks */,
				404CA27E180D6B01001ADE13 /* CoreGraphics.framework in Frameworks */,
				404CA280180D6B01001ADE13 /* UIKit.framework in Frameworks */,
				404CA27C180D6B01001ADE13 /* Foundation.framework in Frameworks */,
			);
			runOnlyForDeploymentPostprocessing = 0;
		};
/* End PBXFrameworksBuildPhase section */

/* Begin PBXGroup section */
		404CA26F180D6B01001ADE13 = {
			isa = PBXGroup;
			children = (
				404CA281180D6B01001ADE13 /* IPP Maps Demo */,
				404CA27A180D6B01001ADE13 /* Frameworks */,
				404CA279180D6B01001ADE13 /* Products */,
			);
			sourceTree = "<group>";
		};
		404CA279180D6B01001ADE13 /* Products */ = {
			isa = PBXGroup;
			children = (
				404CA278180D6B01001ADE13 /* IPP Maps Demo.app */,
			);
			name = Products;
			sourceTree = "<group>";
		};
		404CA27A180D6B01001ADE13 /* Frameworks */ = {
			isa = PBXGroup;
			children = (
				404CA2E4180D89F1001ADE13 /* libxml2.dylib */,
				404CA2D3180D760A001ADE13 /* SystemConfiguration.framework */,
				404CA2D1180D75E5001ADE13 /* QuartzCore.framework */,
				404CA2CF180D75DE001ADE13 /* OpenGLES.framework */,
				404CA2CD180D75D9001ADE13 /* libz.dylib */,
				404CA2CB180D75D3001ADE13 /* libicucore.dylib */,
				404CA2C9180D75CA001ADE13 /* libc++.dylib */,
				404CA2C7180D75BD001ADE13 /* ImageIO.framework */,
				404CA2C5180D75B8001ADE13 /* GLKit.framework */,
				404CA2C3180D75B1001ADE13 /* CoreText.framework */,
				404CA2C1180D75A7001ADE13 /* CoreLocation.framework */,
				404CA2BF180D7587001ADE13 /* AVFoundation.framework */,
				404CA2BD180D757F001ADE13 /* CoreData.framework */,
				404CA27B180D6B01001ADE13 /* Foundation.framework */,
				404CA27D180D6B01001ADE13 /* CoreGraphics.framework */,
				404CA27F180D6B01001ADE13 /* UIKit.framework */,
				404CA294180D6B02001ADE13 /* XCTest.framework */,
			);
			name = Frameworks;
			sourceTree = "<group>";
		};
		404CA281180D6B01001ADE13 /* IPP Maps Demo */ = {
			isa = PBXGroup;
			children = (
				404CA28A180D6B01001ADE13 /* IPPAppDelegate.h */,
				404CA28B180D6B01001ADE13 /* IPPAppDelegate.m */,
				404CA2AA180D6B3C001ADE13 /* IPPMainViewController.h */,
				404CA2AB180D6B3C001ADE13 /* IPPMainViewController.m */,
				40A4D3B9182B6AE500677996 /* IPPMapControlsViewController.h */,
				40A4D3BA182B6AE500677996 /* IPPMapControlsViewController.m */,
				404DA0801833542C00E96919 /* IPPMapKitViewController */,
				404CA28D180D6B02001ADE13 /* Images.xcassets */,
				404CA282180D6B01001ADE13 /* Supporting Files */,
			);
			path = "IPP Maps Demo";
			sourceTree = "<group>";
		};
		404CA282180D6B01001ADE13 /* Supporting Files */ = {
			isa = PBXGroup;
			children = (
				404CA283180D6B01001ADE13 /* IPP Maps Demo-Info.plist */,
				404CA284180D6B01001ADE13 /* InfoPlist.strings */,
				404CA287180D6B01001ADE13 /* main.m */,
				404CA289180D6B01001ADE13 /* IPP Maps Demo-Prefix.pch */,
			);
			name = "Supporting Files";
			sourceTree = "<group>";
		};
		404DA0801833542C00E96919 /* IPPMapKitViewController */ = {
			isa = PBXGroup;
			children = (
				404DA0811833542C00E96919 /* Annotations */,
				404DA0881833542C00E96919 /* Overlays */,
				404DA0861833542C00E96919 /* IPPMapKitViewController.h */,
				404DA0871833542C00E96919 /* IPPMapKitViewController.m */,
			);
			path = IPPMapKitViewController;
			sourceTree = "<group>";
		};
		404DA0811833542C00E96919 /* Annotations */ = {
			isa = PBXGroup;
			children = (
				404DA0821833542C00E96919 /* IPPMapKitAnnotation.h */,
				404DA0831833542C00E96919 /* IPPMapKitAnnotation.m */,
				404DA0841833542C00E96919 /* IPPMapKitCustomAnnotation.h */,
				404DA0851833542C00E96919 /* IPPMapKitCustomAnnotation.m */,
			);
			path = Annotations;
			sourceTree = "<group>";
		};
		404DA0881833542C00E96919 /* Overlays */ = {
			isa = PBXGroup;
			children = (
				404DA0891833542C00E96919 /* Campus.plist */,
				404DA08A1833542C00E96919 /* IPPCampus.h */,
				404DA08B1833542C00E96919 /* IPPCampus.m */,
				404DA08C1833542C00E96919 /* IPPCampusOverlay.h */,
				404DA08D1833542C00E96919 /* IPPCampusOverlay.m */,
				404DA08E1833542C00E96919 /* IPPCampusOverlayView.h */,
				404DA08F1833542C00E96919 /* IPPCampusOverlayView.m */,
			);
			path = Overlays;
			sourceTree = "<group>";
		};
/* End PBXGroup section */

/* Begin PBXHeadersBuildPhase section */
		0162D050182D06DD0018FE68 /* Headers */ = {
			isa = PBXHeadersBuildPhase;
			buildActionMask = 2147483647;
			files = (
				404DA0921833542C00E96919 /* IPPMapKitCustomAnnotation.h in Headers */,
				404DA0941833542C00E96919 /* IPPMapKitViewController.h in Headers */,
				404DA0901833542C00E96919 /* IPPMapKitAnnotation.h in Headers */,
				404DA09B1833542C00E96919 /* IPPCampusOverlayView.h in Headers */,
				404DA0971833542C00E96919 /* IPPCampus.h in Headers */,
				404DA0991833542C00E96919 /* IPPCampusOverlay.h in Headers */,
			);
			runOnlyForDeploymentPostprocessing = 0;
		};
/* End PBXHeadersBuildPhase section */

/* Begin PBXNativeTarget section */
		404CA277180D6B01001ADE13 /* IPP Maps Demo */ = {
			isa = PBXNativeTarget;
			buildConfigurationList = 404CA2A4180D6B02001ADE13 /* Build configuration list for PBXNativeTarget "IPP Maps Demo" */;
			buildPhases = (
				404CA274180D6B01001ADE13 /* Sources */,
				404CA275180D6B01001ADE13 /* Frameworks */,
				404CA276180D6B01001ADE13 /* Resources */,
				0162D050182D06DD0018FE68 /* Headers */,
			);
			buildRules = (
			);
			dependencies = (
			);
			name = "IPP Maps Demo";
			productName = "IPP Maps Demo";
			productReference = 404CA278180D6B01001ADE13 /* IPP Maps Demo.app */;
			productType = "com.apple.product-type.application";
		};
/* End PBXNativeTarget section */

/* Begin PBXProject section */
		404CA270180D6B01001ADE13 /* Project object */ = {
			isa = PBXProject;
			attributes = {
				CLASSPREFIX = IPP;
				LastUpgradeCheck = 0500;
				ORGANIZATIONNAME = "HS Mannheim";
			};
			buildConfigurationList = 404CA273180D6B01001ADE13 /* Build configuration list for PBXProject "IPP Maps Demo" */;
			compatibilityVersion = "Xcode 3.2";
			developmentRegion = English;
			hasScannedForEncodings = 0;
			knownRegions = (
				en,
			);
			mainGroup = 404CA26F180D6B01001ADE13;
			productRefGroup = 404CA279180D6B01001ADE13 /* Products */;
			projectDirPath = "";
			projectRoot = "";
			targets = (
				404CA277180D6B01001ADE13 /* IPP Maps Demo */,
			);
		};
/* End PBXProject section */

/* Begin PBXResourcesBuildPhase section */
		404CA276180D6B01001ADE13 /* Resources */ = {
			isa = PBXResourcesBuildPhase;
			buildActionMask = 2147483647;
			files = (
				404CA286180D6B01001ADE13 /* InfoPlist.strings in Resources */,
				404CA28E180D6B02001ADE13 /* Images.xcassets in Resources */,
				404DA0961833542C00E96919 /* Campus.plist in Resources */,
			);
			runOnlyForDeploymentPostprocessing = 0;
		};
/* End PBXResourcesBuildPhase section */

/* Begin PBXSourcesBuildPhase section */
		404CA274180D6B01001ADE13 /* Sources */ = {
			isa = PBXSourcesBuildPhase;
			buildActionMask = 2147483647;
			files = (
				404DA09C1833542C00E96919 /* IPPCampusOverlayView.m in Sources */,
				404DA0981833542C00E96919 /* IPPCampus.m in Sources */,
				404CA28C180D6B01001ADE13 /* IPPAppDelegate.m in Sources */,
				404CA288180D6B01001ADE13 /* main.m in Sources */,
				404DA0951833542C00E96919 /* IPPMapKitViewController.m in Sources */,
				404DA0931833542C00E96919 /* IPPMapKitCustomAnnotation.m in Sources */,
				404DA09A1833542C00E96919 /* IPPCampusOverlay.m in Sources */,
				404DA0911833542C00E96919 /* IPPMapKitAnnotation.m in Sources */,
				404CA2AC180D6B3C001ADE13 /* IPPMainViewController.m in Sources */,
				40A4D3BB182B6AE500677996 /* IPPMapControlsViewController.m in Sources */,
			);
			runOnlyForDeploymentPostprocessing = 0;
		};
/* End PBXSourcesBuildPhase section */

/* Begin PBXVariantGroup section */
		404CA284180D6B01001ADE13 /* InfoPlist.strings */ = {
			isa = PBXVariantGroup;
			children = (
				404CA285180D6B01001ADE13 /* en */,
			);
			name = InfoPlist.strings;
			sourceTree = "<group>";
		};
/* End PBXVariantGroup section */

/* Begin XCBuildConfiguration section */
		404CA2A2180D6B02001ADE13 /* Debug */ = {
			isa = XCBuildConfiguration;
			buildSettings = {
				ALWAYS_SEARCH_USER_PATHS = NO;
				ARCHS = "$(ARCHS_STANDARD_INCLUDING_64_BIT)";
				CLANG_CXX_LANGUAGE_STANDARD = "gnu++0x";
				CLANG_CXX_LIBRARY = "libc++";
				CLANG_ENABLE_MODULES = YES;
				CLANG_ENABLE_OBJC_ARC = YES;
				CLANG_WARN_BOOL_CONVERSION = YES;
				CLANG_WARN_CONSTANT_CONVERSION = YES;
				CLANG_WARN_DIRECT_OBJC_ISA_USAGE = YES_ERROR;
				CLANG_WARN_EMPTY_BODY = YES;
				CLANG_WARN_ENUM_CONVERSION = YES;
				CLANG_WARN_INT_CONVERSION = YES;
				CLANG_WARN_OBJC_ROOT_CLASS = YES_ERROR;
				CLANG_WARN__DUPLICATE_METHOD_MATCH = YES;
				"CODE_SIGN_IDENTITY[sdk=iphoneos*]" = "iPhone Developer";
				COPY_PHASE_STRIP = NO;
				GCC_C_LANGUAGE_STANDARD = gnu99;
				GCC_DYNAMIC_NO_PIC = NO;
				GCC_OPTIMIZATION_LEVEL = 0;
				GCC_PREPROCESSOR_DEFINITIONS = (
					"DEBUG=1",
					"$(inherited)",
				);
				GCC_SYMBOLS_PRIVATE_EXTERN = NO;
				GCC_WARN_64_TO_32_BIT_CONVERSION = YES;
				GCC_WARN_ABOUT_RETURN_TYPE = YES_ERROR;
				GCC_WARN_UNDECLARED_SELECTOR = YES;
				GCC_WARN_UNINITIALIZED_AUTOS = YES;
				GCC_WARN_UNUSED_FUNCTION = YES;
				GCC_WARN_UNUSED_VARIABLE = YES;
				IPHONEOS_DEPLOYMENT_TARGET = 6.1;
				ONLY_ACTIVE_ARCH = NO;
				SDKROOT = iphoneos;
				TARGETED_DEVICE_FAMILY = 2;
				VALID_ARCHS = "armv7 armv7s";
			};
			name = Debug;
		};
		404CA2A3180D6B02001ADE13 /* Release */ = {
			isa = XCBuildConfiguration;
			buildSettings = {
				ALWAYS_SEARCH_USER_PATHS = NO;
				ARCHS = "$(ARCHS_STANDARD_INCLUDING_64_BIT)";
				CLANG_CXX_LANGUAGE_STANDARD = "gnu++0x";
				CLANG_CXX_LIBRARY = "libc++";
				CLANG_ENABLE_MODULES = YES;
				CLANG_ENABLE_OBJC_ARC = YES;
				CLANG_WARN_BOOL_CONVERSION = YES;
				CLANG_WARN_CONSTANT_CONVERSION = YES;
				CLANG_WARN_DIRECT_OBJC_ISA_USAGE = YES_ERROR;
				CLANG_WARN_EMPTY_BODY = YES;
				CLANG_WARN_ENUM_CONVERSION = YES;
				CLANG_WARN_INT_CONVERSION = YES;
				CLANG_WARN_OBJC_ROOT_CLASS = YES_ERROR;
				CLANG_WARN__DUPLICATE_METHOD_MATCH = YES;
				"CODE_SIGN_IDENTITY[sdk=iphoneos*]" = "iPhone Developer";
				COPY_PHASE_STRIP = YES;
				ENABLE_NS_ASSERTIONS = NO;
				GCC_C_LANGUAGE_STANDARD = gnu99;
				GCC_WARN_64_TO_32_BIT_CONVERSION = YES;
				GCC_WARN_ABOUT_RETURN_TYPE = YES_ERROR;
				GCC_WARN_UNDECLARED_SELECTOR = YES;
				GCC_WARN_UNINITIALIZED_AUTOS = YES;
				GCC_WARN_UNUSED_FUNCTION = YES;
				GCC_WARN_UNUSED_VARIABLE = YES;
				IPHONEOS_DEPLOYMENT_TARGET = 6.1;
				ONLY_ACTIVE_ARCH = NO;
				SDKROOT = iphoneos;
				TARGETED_DEVICE_FAMILY = 2;
				VALIDATE_PRODUCT = YES;
				VALID_ARCHS = "armv7 armv7s";
			};
			name = Release;
		};
		404CA2A5180D6B02001ADE13 /* Debug */ = {
			isa = XCBuildConfiguration;
			buildSettings = {
				ASSETCATALOG_COMPILER_APPICON_NAME = AppIcon;
				ASSETCATALOG_COMPILER_LAUNCHIMAGE_NAME = LaunchImage;
				FRAMEWORK_SEARCH_PATHS = (
					"\"$(SRCROOT)/IPP Maps Demo/Frameworks\"/**",
					"\"$(SRCROOT)/IPP Maps Demo/Frameworks/MapControl\"/**",
				);
				GCC_PRECOMPILE_PREFIX_HEADER = YES;
				GCC_PREFIX_HEADER = "IPP Maps Demo/IPP Maps Demo-Prefix.pch";
				HEADER_SEARCH_PATHS = "";
				INFOPLIST_FILE = "IPP Maps Demo/IPP Maps Demo-Info.plist";
				LIBRARY_SEARCH_PATHS = "\"$(SRCROOT)/IPP Maps Demo/Frameworks/MapControl\"/**";
				OTHER_LDFLAGS = (
					"-ObjC",
					"-all_load",
				);
				PRODUCT_NAME = "$(TARGET_NAME)";
				USER_HEADER_SEARCH_PATHS = "";
				WRAPPER_EXTENSION = app;
			};
			name = Debug;
		};
		404CA2A6180D6B02001ADE13 /* Release */ = {
			isa = XCBuildConfiguration;
			buildSettings = {
				ASSETCATALOG_COMPILER_APPICON_NAME = AppIcon;
				ASSETCATALOG_COMPILER_LAUNCHIMAGE_NAME = LaunchImage;
				FRAMEWORK_SEARCH_PATHS = (
					"\"$(SRCROOT)/IPP Maps Demo/Frameworks\"/**",
					"\"$(SRCROOT)/IPP Maps Demo/Frameworks/MapControl\"/**",
				);
				GCC_PRECOMPILE_PREFIX_HEADER = YES;
				GCC_PREFIX_HEADER = "IPP Maps Demo/IPP Maps Demo-Prefix.pch";
				HEADER_SEARCH_PATHS = "";
				INFOPLIST_FILE = "IPP Maps Demo/IPP Maps Demo-Info.plist";
				LIBRARY_SEARCH_PATHS = "\"$(SRCROOT)/IPP Maps Demo/Frameworks/MapControl\"/**";
				OTHER_LDFLAGS = (
					"-ObjC",
					"-all_load",
				);
				PRODUCT_NAME = "$(TARGET_NAME)";
				USER_HEADER_SEARCH_PATHS = "";
				WRAPPER_EXTENSION = app;
			};
			name = Release;
		};
/* End XCBuildConfiguration section */

/* Begin XCConfigurationList section */
		404CA273180D6B01001ADE13 /* Build configuration list for PBXProject "IPP Maps Demo" */ = {
			isa = XCConfigurationList;
			buildConfigurations = (
				404CA2A2180D6B02001ADE13 /* Debug */,
				404CA2A3180D6B02001ADE13 /* Release */,
			);
			defaultConfigurationIsVisible = 0;
			defaultConfigurationName = Release;
		};
		404CA2A4180D6B02001ADE13 /* Build configuration list for PBXNativeTarget "IPP Maps Demo" */ = {
			isa = XCConfigurationList;
			buildConfigurations = (
				404CA2A5180D6B02001ADE13 /* Debug */,
				404CA2A6180D6B02001ADE13 /* Release */,
			);
			defaultConfigurationIsVisible = 0;
			defaultConfigurationName = Release;
		};
/* End XCConfigurationList section */
	};
	rootObject = 404CA270180D6B01001ADE13 /* Project object */;
}
